
Microsoft Visual Studio Solution File, Format Version 12.00
# Visual Studio Version 17
VisualStudioVersion = 17.9.34607.119
MinimumVisualStudioVersion = 10.0.40219.1
Project("{8BC9CEB8-8B4A-11D0-8D11-00A0C91BC942}") = "Homework", "Homework\Homework.vcxproj", "{9FEE68C4-7248-49FA-A98C-AE6460A504BB}"
EndProject
Global
	GlobalSection(SolutionConfigurationPlatforms) = preSolution
		Debug|x64 = Debug|x64
		Debug|x86 = Debug|x86
		Release|x64 = Release|x64
		Release|x86 = Release|x86
	EndGlobalSection
	GlobalSection(ProjectConfigurationPlatforms) = postSolution
		{9FEE68C4-7248-49FA-A98C-AE6460A504BB}.Debug|x64.ActiveCfg = Debug|x64
		{9FEE68C4-7248-49FA-A98C-AE6460A504BB}.Debug|x64.Build.0 = Debug|x64
		{9FEE68C4-7248-49FA-A98C-AE6460A504BB}.Debug|x86.ActiveCfg = Debug|Win32
		{9FEE68C4-7248-49FA-A98C-AE6460A504BB}.Debug|x86.Build.0 = Debug|Win32
		{9FEE68C4-7248-49FA-A98C-AE6460A504BB}.Release|x64.ActiveCfg = Release|x64
		{9FEE68C4-7248-49FA-A98C-AE6460A504BB}.Release|x64.Build.0 = Release|x64
		{9FEE68C4-7248-49FA-A98C-AE6460A504BB}.Release|x86.ActiveCfg = Release|Win32
		{9FEE68C4-7248-49FA-A98C-AE6460A504BB}.Release|x86.Build.0 = Release|Win32
	EndGlobalSection
	GlobalSection(SolutionProperties) = preSolution
		HideSolutionNode = FALSE
	EndGlobalSection
	GlobalSection(ExtensibilityGlobals) = postSolution
		SolutionGuid = {179CC7AB-A63E-4319-930D-12C7BFDC896D}
	EndGlobalSection
EndGlobal
